// !$*UTF8*$!
{
	archiveVersion = 1;
	classes = {
	};
	objectVersion = 46;
	objects = {

/* Begin PBXBuildFile section */
		508E1E901CDB254300BE013D /* main.m in Sources */ = {isa = PBXBuildFile; fileRef = 508E1E8F1CDB254300BE013D /* main.m */; };
		508E1E931CDB254300BE013D /* AppDelegate.m in Sources */ = {isa = PBXBuildFile; fileRef = 508E1E921CDB254300BE013D /* AppDelegate.m */; };
		508E1E961CDB254300BE013D /* ViewController.m in Sources */ = {isa = PBXBuildFile; fileRef = 508E1E951CDB254300BE013D /* ViewController.m */; };
		508E1E991CDB254300BE013D /* Main.storyboard in Resources */ = {isa = PBXBuildFile; fileRef = 508E1E971CDB254300BE013D /* Main.storyboard */; };
		508E1E9B1CDB254300BE013D /* Assets.xcassets in Resources */ = {isa = PBXBuildFile; fileRef = 508E1E9A1CDB254300BE013D /* Assets.xcassets */; };
		508E1E9E1CDB254300BE013D /* LaunchScreen.storyboard in Resources */ = {isa = PBXBuildFile; fileRef = 508E1E9C1CDB254300BE013D /* LaunchScreen.storyboard */; };
		508E1EA91CDB254300BE013D /* DatePickerToolTests.m in Sources */ = {isa = PBXBuildFile; fileRef = 508E1EA81CDB254300BE013D /* DatePickerToolTests.m */; };
		508E1EB41CDB254300BE013D /* DatePickerToolUITests.m in Sources */ = {isa = PBXBuildFile; fileRef = 508E1EB31CDB254300BE013D /* DatePickerToolUITests.m */; };
		508E1EC51CDB27D300BE013D /* DatePickerView.m in Sources */ = {isa = PBXBuildFile; fileRef = 508E1EC21CDB27D300BE013D /* DatePickerView.m */; };
		508E1EC61CDB27D300BE013D /* NSDate+Extension.m in Sources */ = {isa = PBXBuildFile; fileRef = 508E1EC41CDB27D300BE013D /* NSDate+Extension.m */; };
/* End PBXBuildFile section */

/* Begin PBXContainerItemProxy section */
		508E1EA51CDB254300BE013D /* PBXContainerItemProxy */ = {
			isa = PBXContainerItemProxy;
			containerPortal = 508E1E831CDB254300BE013D /* Project object */;
			proxyType = 1;
			remoteGlobalIDString = 508E1E8A1CDB254300BE013D;
			remoteInfo = DatePickerTool;
		};
		508E1EB01CDB254300BE013D /* PBXContainerItemProxy */ = {
			isa = PBXContainerItemProxy;
			containerPortal = 508E1E831CDB254300BE013D /* Project object */;
			proxyType = 1;
			remoteGlobalIDString = 508E1E8A1CDB254300BE013D;
			remoteInfo = DatePickerTool;
		};
/* End PBXContainerItemProxy section */

/* Begin PBXFileReference section */
		508E1E8B1CDB254300BE013D /* DatePickerTool.app */ = {isa = PBXFileReference; explicitFileType = wrapper.application; includeInIndex = 0; path = DatePickerTool.app; sourceTree = BUILT_PRODUCTS_DIR; };
		508E1E8F1CDB254300BE013D /* main.m */ = {isa = PBXFileReference; lastKnownFileType = sourcecode.c.objc; path = main.m; sourceTree = "<group>"; };
		508E1E911CDB254300BE013D /* AppDelegate.h */ = {isa = PBXFileReference; lastKnownFileType = sourcecode.c.h; path = AppDelegate.h; sourceTree = "<group>"; };
		508E1E921CDB254300BE013D /* AppDelegate.m */ = {isa = PBXFileReference; lastKnownFileType = sourcecode.c.objc; path = AppDelegate.m; sourceTree = "<group>"; };
		508E1E941CDB254300BE013D /* ViewController.h */ = {isa = PBXFileReference; lastKnownFileType = sourcecode.c.h; path = ViewController.h; sourceTree = "<group>"; };
		508E1E951CDB254300BE013D /* ViewController.m */ = {isa = PBXFileReference; lastKnownFileType = sourcecode.c.objc; path = ViewController.m; sourceTree = "<group>"; };
		508E1E981CDB254300BE013D /* Base */ = {isa = PBXFileReference; lastKnownFileType = file.storyboard; name = Base; path = Base.lproj/Main.storyboard; sourceTree = "<group>"; };
		508E1E9A1CDB254300BE013D /* Assets.xcassets */ = {isa = PBXFileReference; lastKnownFileType = folder.assetcatalog; path = Assets.xcassets; sourceTree = "<group>"; };
		508E1E9D1CDB254300BE013D /* Base */ = {isa = PBXFileReference; lastKnownFileType = file.storyboard; name = Base; path = Base.lproj/LaunchScreen.storyboard; sourceTree = "<group>"; };
		508E1E9F1CDB254300BE013D /* Info.plist */ = {isa = PBXFileReference; lastKnownFileType = text.plist.xml; path = Info.plist; sourceTree = "<group>"; };
		508E1EA41CDB254300BE013D /* DatePickerToolTests.xctest */ = {isa = PBXFileReference; explicitFileType = wrapper.cfbundle; includeInIndex = 0; path = DatePickerToolTests.xctest; sourceTree = BUILT_PRODUCTS_DIR; };
		508E1EA81CDB254300BE013D /* DatePickerToolTests.m */ = {isa = PBXFileReference; lastKnownFileType = sourcecode.c.objc; path = DatePickerToolTests.m; sourceTree = "<group>"; };
		508E1EAA1CDB254300BE013D /* Info.plist */ = {isa = PBXFileReference; lastKnownFileType = text.plist.xml; path = Info.plist; sourceTree = "<group>"; };
		508E1EAF1CDB254300BE013D /* DatePickerToolUITests.xctest */ = {isa = PBXFileReference; explicitFileType = wrapper.cfbundle; includeInIndex = 0; path = DatePickerToolUITests.xctest; sourceTree = BUILT_PRODUCTS_DIR; };
		508E1EB31CDB254300BE013D /* DatePickerToolUITests.m */ = {isa = PBXFileReference; lastKnownFileType = sourcecode.c.objc; path = DatePickerToolUITests.m; sourceTree = "<group>"; };
		508E1EB51CDB254300BE013D /* Info.plist */ = {isa = PBXFileReference; lastKnownFileType = text.plist.xml; path = Info.plist; sourceTree = "<group>"; };
		508E1EC11CDB27D300BE013D /* DatePickerView.h */ = {isa = PBXFileReference; fileEncoding = 4; lastKnownFileType = sourcecode.c.h; path = DatePickerView.h; sourceTree = "<group>"; };
		508E1EC21CDB27D300BE013D /* DatePickerView.m */ = {isa = PBXFileReference; fileEncoding = 4; lastKnownFileType = sourcecode.c.objc; path = DatePickerView.m; sourceTree = "<group>"; };
		508E1EC31CDB27D300BE013D /* NSDate+Extension.h */ = {isa = PBXFileReference; fileEncoding = 4; lastKnownFileType = sourcecode.c.h; path = "NSDate+Extension.h"; sourceTree = "<group>"; };
		508E1EC41CDB27D300BE013D /* NSDate+Extension.m */ = {isa = PBXFileReference; fileEncoding = 4; lastKnownFileType = sourcecode.c.objc; path = "NSDate+Extension.m"; sourceTree = "<group>"; };
/* End PBXFileReference section */

/* Begin PBXFrameworksBuildPhase section */
		508E1E881CDB254300BE013D /* Frameworks */ = {
			isa = PBXFrameworksBuildPhase;
			buildActionMask = 2147483647;
			files = (
			);
			runOnlyForDeploymentPostprocessing = 0;
		};
		508E1EA11CDB254300BE013D /* Frameworks */ = {
			isa = PBXFrameworksBuildPhase;
			buildActionMask = 2147483647;
			files = (
			);
			runOnlyForDeploymentPostprocessing = 0;
		};
		508E1EAC1CDB254300BE013D /* Frameworks */ = {
			isa = PBXFrameworksBuildPhase;
			buildActionMask = 2147483647;
			files = (
			);
			runOnlyForDeploymentPostprocessing = 0;
		};
/* End PBXFrameworksBuildPhase section */

/* Begin PBXGroup section */
		508E1E821CDB254300BE013D = {
			isa = PBXGroup;
			children = (
				508E1E8D1CDB254300BE013D /* DatePickerTool */,
				508E1EA71CDB254300BE013D /* DatePickerToolTests */,
				508E1EB21CDB254300BE013D /* DatePickerToolUITests */,
				508E1E8C1CDB254300BE013D /* Products */,
			);
			sourceTree = "<group>";
		};
		508E1E8C1CDB254300BE013D /* Products */ = {
			isa = PBXGroup;
			children = (
				508E1E8B1CDB254300BE013D /* DatePickerTool.app */,
				508E1EA41CDB254300BE013D /* DatePickerToolTests.xctest */,
				508E1EAF1CDB254300BE013D /* DatePickerToolUITests.xctest */,
			);
			name = Products;
			sourceTree = "<group>";
		};
		508E1E8D1CDB254300BE013D /* DatePickerTool */ = {
			isa = PBXGroup;
			children = (
				508E1E911CDB254300BE013D /* AppDelegate.h */,
				508E1E921CDB254300BE013D /* AppDelegate.m */,
				508E1E941CDB254300BE013D /* ViewController.h */,
				508E1E951CDB254300BE013D /* ViewController.m */,
				508E1EC11CDB27D300BE013D /* DatePickerView.h */,
				508E1EC21CDB27D300BE013D /* DatePickerView.m */,
				508E1EC31CDB27D300BE013D /* NSDate+Extension.h */,
				508E1EC41CDB27D300BE013D /* NSDate+Extension.m */,
				508E1E971CDB254300BE013D /* Main.storyboard */,
				508E1E9A1CDB254300BE013D /* Assets.xcassets */,
				508E1E9C1CDB254300BE013D /* LaunchScreen.storyboard */,
				508E1E9F1CDB254300BE013D /* Info.plist */,
				508E1E8E1CDB254300BE013D /* Supporting Files */,
			);
			path = DatePickerTool;
			sourceTree = "<group>";
		};
		508E1E8E1CDB254300BE013D /* Supporting Files */ = {
			isa = PBXGroup;
			children = (
				508E1E8F1CDB254300BE013D /* main.m */,
			);
			name = "Supporting Files";
			sourceTree = "<group>";
		};
		508E1EA71CDB254300BE013D /* DatePickerToolTests */ = {
			isa = PBXGroup;
			children = (
				508E1EA81CDB254300BE013D /* DatePickerToolTests.m */,
				508E1EAA1CDB254300BE013D /* Info.plist */,
			);
			path = DatePickerToolTests;
			sourceTree = "<group>";
		};
		508E1EB21CDB254300BE013D /* DatePickerToolUITests */ = {
			isa = PBXGroup;
			children = (
				508E1EB31CDB254300BE013D /* DatePickerToolUITests.m */,
				508E1EB51CDB254300BE013D /* Info.plist */,
			);
			path = DatePickerToolUITests;
			sourceTree = "<group>";
		};
/* End PBXGroup section */

/* Begin PBXNativeTarget section */
		508E1E8A1CDB254300BE013D /* DatePickerTool */ = {
			isa = PBXNativeTarget;
			buildConfigurationList = 508E1EB81CDB254300BE013D /* Build configuration list for PBXNativeTarget "DatePickerTool" */;
			buildPhases = (
				508E1E871CDB254300BE013D /* Sources */,
				508E1E881CDB254300BE013D /* Frameworks */,
				508E1E891CDB254300BE013D /* Resources */,
			);
			buildRules = (
			);
			dependencies = (
			);
			name = DatePickerTool;
			productName = DatePickerTool;
			productReference = 508E1E8B1CDB254300BE013D /* DatePickerTool.app */;
			productType = "com.apple.product-type.application";
		};
		508E1EA31CDB254300BE013D /* DatePickerToolTests */ = {
			isa = PBXNativeTarget;
			buildConfigurationList = 508E1EBB1CDB254300BE013D /* Build configuration list for PBXNativeTarget "DatePickerToolTests" */;
			buildPhases = (
				508E1EA01CDB254300BE013D /* Sources */,
				508E1EA11CDB254300BE013D /* Frameworks */,
				508E1EA21CDB254300BE013D /* Resources */,
			);
			buildRules = (
			);
			dependencies = (
				508E1EA61CDB254300BE013D /* PBXTargetDependency */,
			);
			name = DatePickerToolTests;
			productName = DatePickerToolTests;
			productReference = 508E1EA41CDB254300BE013D /* DatePickerToolTests.xctest */;
			productType = "com.apple.product-type.bundle.unit-test";
		};
		508E1EAE1CDB254300BE013D /* DatePickerToolUITests */ = {
			isa = PBXNativeTarget;
			buildConfigurationList = 508E1EBE1CDB254300BE013D /* Build configuration list for PBXNativeTarget "DatePickerToolUITests" */;
			buildPhases = (
				508E1EAB1CDB254300BE013D /* Sources */,
				508E1EAC1CDB254300BE013D /* Frameworks */,
				508E1EAD1CDB254300BE013D /* Resources */,
			);
			buildRules = (
			);
			dependencies = (
				508E1EB11CDB254300BE013D /* PBXTargetDependency */,
			);
			name = DatePickerToolUITests;
			productName = DatePickerToolUITests;
			productReference = 508E1EAF1CDB254300BE013D /* DatePickerToolUITests.xctest */;
			productType = "com.apple.product-type.bundle.ui-testing";
		};
/* End PBXNativeTarget section */

/* Begin PBXProject section */
		508E1E831CDB254300BE013D /* Project object */ = {
			isa = PBXProject;
			attributes = {
				LastUpgradeCheck = 0720;
				ORGANIZATIONNAME = speeda;
				TargetAttributes = {
					508E1E8A1CDB254300BE013D = {
						CreatedOnToolsVersion = 7.2.1;
					};
					508E1EA31CDB254300BE013D = {
						CreatedOnToolsVersion = 7.2.1;
						TestTargetID = 508E1E8A1CDB254300BE013D;
					};
					508E1EAE1CDB254300BE013D = {
						CreatedOnToolsVersion = 7.2.1;
						TestTargetID = 508E1E8A1CDB254300BE013D;
					};
				};
			};
			buildConfigurationList = 508E1E861CDB254300BE013D /* Build configuration list for PBXProject "DatePickerTool" */;
			compatibilityVersion = "Xcode 3.2";
			developmentRegion = English;
			hasScannedForEncodings = 0;
			knownRegions = (
				en,
				Base,
			);
			mainGroup = 508E1E821CDB254300BE013D;
			productRefGroup = 508E1E8C1CDB254300BE013D /* Products */;
			projectDirPath = "";
			projectRoot = "";
			targets = (
				508E1E8A1CDB254300BE013D /* DatePickerTool */,
				508E1EA31CDB254300BE013D /* DatePickerToolTests */,
				508E1EAE1CDB254300BE013D /* DatePickerToolUITests */,
			);
		};
/* End PBXProject section */

/* Begin PBXResourcesBuildPhase section */
		508E1E891CDB254300BE013D /* Resources */ = {
			isa = PBXResourcesBuildPhase;
			buildActionMask = 2147483647;
			files = (
				508E1E9E1CDB254300BE013D /* LaunchScreen.storyboard in Resources */,
				508E1E9B1CDB254300BE013D /* Assets.xcassets in Resources */,
				508E1E991CDB254300BE013D /* Main.storyboard in Resources */,
			);
			runOnlyForDeploymentPostprocessing = 0;
		};
		508E1EA21CDB254300BE013D /* Resources */ = {
			isa = PBXResourcesBuildPhase;
			buildActionMask = 2147483647;
			files = (
			);
			runOnlyForDeploymentPostprocessing = 0;
		};
		508E1EAD1CDB254300BE013D /* Resources */ = {
			isa = PBXResourcesBuildPhase;
			buildActionMask = 2147483647;
			files = (
			);
			runOnlyForDeploymentPostprocessing = 0;
		};
/* End PBXResourcesBuildPhase section */

/* Begin PBXSourcesBuildPhase section */
		508E1E871CDB254300BE013D /* Sources */ = {
			isa = PBXSourcesBuildPhase;
			buildActionMask = 2147483647;
			files = (
				508E1E961CDB254300BE013D /* ViewController.m in Sources */,
				508E1EC61CDB27D300BE013D /* NSDate+Extension.m in Sources */,
				508E1E931CDB254300BE013D /* AppDelegate.m in Sources */,
				508E1EC51CDB27D300BE013D /* DatePickerView.m in Sources */,
				508E1E901CDB254300BE013D /* main.m in Sources */,
			);
			runOnlyForDeploymentPostprocessing = 0;
		};
		508E1EA01CDB254300BE013D /* Sources */ = {
			isa = PBXSourcesBuildPhase;
			buildActionMask = 2147483647;
			files = (
				508E1EA91CDB254300BE013D /* DatePickerToolTests.m in Sources */,
			);
			runOnlyForDeploymentPostprocessing = 0;
		};
		508E1EAB1CDB254300BE013D /* Sources */ = {
			isa = PBXSourcesBuildPhase;
			buildActionMask = 2147483647;
			files = (
				508E1EB41CDB254300BE013D /* DatePickerToolUITests.m in Sources */,
			);
			runOnlyForDeploymentPostprocessing = 0;
		};
/* End PBXSourcesBuildPhase section */

/* Begin PBXTargetDependency section */
		508E1EA61CDB254300BE013D /* PBXTargetDependency */ = {
			isa = PBXTargetDependency;
			target = 508E1E8A1CDB254300BE013D /* DatePickerTool */;
			targetProxy = 508E1EA51CDB254300BE013D /* PBXContainerItemProxy */;
		};
		508E1EB11CDB254300BE013D /* PBXTargetDependency */ = {
			isa = PBXTargetDependency;
			target = 508E1E8A1CDB254300BE013D /* DatePickerTool */;
			targetProxy = 508E1EB01CDB254300BE013D /* PBXContainerItemProxy */;
		};
/* End PBXTargetDependency section */

/* Begin PBXVariantGroup section */
		508E1E971CDB254300BE013D /* Main.storyboard */ = {
			isa = PBXVariantGroup;
			children = (
				508E1E981CDB254300BE013D /* Base */,
			);
			name = Main.storyboard;
			sourceTree = "<group>";
		};
		508E1E9C1CDB254300BE013D /* LaunchScreen.storyboard */ = {
			isa = PBXVariantGroup;
			children = (
				508E1E9D1CDB254300BE013D /* Base */,
			);
			name = LaunchScreen.storyboard;
			sourceTree = "<group>";
		};
/* End PBXVariantGroup section */

/* Begin XCBuildConfiguration section */
		508E1EB61CDB254300BE013D /* Debug */ = {
			isa = XCBuildConfiguration;
			buildSettings = {
				ALWAYS_SEARCH_USER_PATHS = NO;
				CLANG_CXX_LANGUAGE_STANDARD = "gnu++0x";
				CLANG_CXX_LIBRARY = "libc++";
				CLANG_ENABLE_MODULES = YES;
				CLANG_ENABLE_OBJC_ARC = YES;
				CLANG_WARN_BOOL_CONVERSION = YES;
				CLANG_WARN_CONSTANT_CONVERSION = YES;
				CLANG_WARN_DIRECT_OBJC_ISA_USAGE = YES_ERROR;
				CLANG_WARN_EMPTY_BODY = YES;
				CLANG_WARN_ENUM_CONVERSION = YES;
				CLANG_WARN_INT_CONVERSION = YES;
				CLANG_WARN_OBJC_ROOT_CLASS = YES_ERROR;
				CLANG_WARN_UNREACHABLE_CODE = YES;
				CLANG_WARN__DUPLICATE_METHOD_MATCH = YES;
				"CODE_SIGN_IDENTITY[sdk=iphoneos*]" = "iPhone Developer";
				COPY_PHASE_STRIP = NO;
				DEBUG_INFORMATION_FORMAT = dwarf;
				ENABLE_STRICT_OBJC_MSGSEND = YES;
				ENABLE_TESTABILITY = YES;
				GCC_C_LANGUAGE_STANDARD = gnu99;
				GCC_DYNAMIC_NO_PIC = NO;
				GCC_NO_COMMON_BLOCKS = YES;
				GCC_OPTIMIZATION_LEVEL = 0;
				GCC_PREPROCESSOR_DEFINITIONS = (
					"DEBUG=1",
					"$(inherited)",
				);
				GCC_WARN_64_TO_32_BIT_CONVERSION = YES;
				GCC_WARN_ABOUT_RETURN_TYPE = YES_ERROR;
				GCC_WARN_UNDECLARED_SELECTOR = YES;
				GCC_WARN_UNINITIALIZED_AUTOS = YES_AGGRESSIVE;
				GCC_WARN_UNUSED_FUNCTION = YES;
				GCC_WARN_UNUSED_VARIABLE = YES;
				IPHONEOS_DEPLOYMENT_TARGET = 9.2;
				MTL_ENABLE_DEBUG_INFO = YES;
				ONLY_ACTIVE_ARCH = YES;
				SDKROOT = iphoneos;
				TARGETED_DEVICE_FAMILY = "1,2";
			};
			name = Debug;
		};
		508E1EB71CDB254300BE013D /* Release */ = {
			isa = XCBuildConfiguration;
			buildSettings = {
				ALWAYS_SEARCH_USER_PATHS = NO;
				CLANG_CXX_LANGUAGE_STANDARD = "gnu++0x";
				CLANG_CXX_LIBRARY = "libc++";
				CLANG_ENABLE_MODULES = YES;
				CLANG_ENABLE_OBJC_ARC = YES;
				CLANG_WARN_BOOL_CONVERSION = YES;
				CLANG_WARN_CONSTANT_CONVERSION = YES;
				CLANG_WARN_DIRECT_OBJC_ISA_USAGE = YES_ERROR;
				CLANG_WARN_EMPTY_BODY = YES;
				CLANG_WARN_ENUM_CONVERSION = YES;
				CLANG_WARN_INT_CONVERSION = YES;
				CLANG_WARN_OBJC_ROOT_CLASS = YES_ERROR;
				CLANG_WARN_UNREACHABLE_CODE = YES;
				CLANG_WARN__DUPLICATE_METHOD_MATCH = YES;
				"CODE_SIGN_IDENTITY[sdk=iphoneos*]" = "iPhone Developer";
				COPY_PHASE_STRIP = NO;
				DEBUG_INFORMATION_FORMAT = "dwarf-with-dsym";
				ENABLE_NS_ASSERTIONS = NO;
				ENABLE_STRICT_OBJC_MSGSEND = YES;
				GCC_C_LANGUAGE_STANDARD = gnu99;
				GCC_NO_COMMON_BLOCKS = YES;
				GCC_WARN_64_TO_32_BIT_CONVERSION = YES;
				GCC_WARN_ABOUT_RETURN_TYPE = YES_ERROR;
				GCC_WARN_UNDECLARED_SELECTOR = YES;
				GCC_WARN_UNINITIALIZED_AUTOS = YES_AGGRESSIVE;
				GCC_WARN_UNUSED_FUNCTION = YES;
				GCC_WARN_UNUSED_VARIABLE = YES;
				IPHONEOS_DEPLOYMENT_TARGET = 9.2;
				MTL_ENABLE_DEBUG_INFO = NO;
				SDKROOT = iphoneos;
				TARGETED_DEVICE_FAMILY = "1,2";
				VALIDATE_PRODUCT = YES;
			};
			name = Release;
		};
		508E1EB91CDB254300BE013D /* Debug */ = {
			isa = XCBuildConfiguration;
			buildSettings = {
				ASSETCATALOG_COMPILER_APPICON_NAME = AppIcon;
				INFOPLIST_FILE = DatePickerTool/Info.plist;
				LD_RUNPATH_SEARCH_PATHS = "$(inherited) @executable_path/Frameworks";
				PRODUCT_BUNDLE_IDENTIFIER = cn.speeda.www.DatePickerTool;
				PRODUCT_NAME = "$(TARGET_NAME)";
			};
			name = Debug;
		};
		508E1EBA1CDB254300BE013D /* Release */ = {
			isa = XCBuildConfiguration;
			buildSettings = {
				ASSETCATALOG_COMPILER_APPICON_NAME = AppIcon;
				INFOPLIST_FILE = DatePickerTool/Info.plist;
				LD_RUNPATH_SEARCH_PATHS = "$(inherited) @executable_path/Frameworks";
				PRODUCT_BUNDLE_IDENTIFIER = cn.speeda.www.DatePickerTool;
				PRODUCT_NAME = "$(TARGET_NAME)";
			};
			name = Release;
		};
		508E1EBC1CDB254300BE013D /* Debug */ = {
			isa = XCBuildConfiguration;
			buildSettings = {
				BUNDLE_LOADER = "$(TEST_HOST)";
				INFOPLIST_FILE = DatePickerToolTests/Info.plist;
				LD_RUNPATH_SEARCH_PATHS = "$(inherited) @executable_path/Frameworks @loader_path/Frameworks";
				PRODUCT_BUNDLE_IDENTIFIER = cn.speeda.www.DatePickerToolTests;
				PRODUCT_NAME = "$(TARGET_NAME)";
				TEST_HOST = "$(BUILT_PRODUCTS_DIR)/DatePickerTool.app/DatePickerTool";
			};
			name = Debug;
		};
		508E1EBD1CDB254300BE013D /* Release */ = {
			isa = XCBuildConfiguration;
			buildSettings = {
				BUNDLE_LOADER = "$(TEST_HOST)";
				INFOPLIST_FILE = DatePickerToolTests/Info.plist;
				LD_RUNPATH_SEARCH_PATHS = "$(inherited) @executable_path/Frameworks @loader_path/Frameworks";
				PRODUCT_BUNDLE_IDENTIFIER = cn.speeda.www.DatePickerToolTests;
				PRODUCT_NAME = "$(TARGET_NAME)";
				TEST_HOST = "$(BUILT_PRODUCTS_DIR)/DatePickerTool.app/DatePickerTool";
			};
			name = Release;
		};
		508E1EBF1CDB254300BE013D /* Debug */ = {
			isa = XCBuildConfiguration;
			buildSettings = {
				INFOPLIST_FILE = DatePickerToolUITests/Info.plist;
				LD_RUNPATH_SEARCH_PATHS = "$(inherited) @executable_path/Frameworks @loader_path/Frameworks";
				PRODUCT_BUNDLE_IDENTIFIER = cn.speeda.www.DatePickerToolUITests;
				PRODUCT_NAME = "$(TARGET_NAME)";
				TEST_TARGET_NAME = DatePickerTool;
				USES_XCTRUNNER = YES;
			};
			name = Debug;
		};
		508E1EC01CDB254300BE013D /* Release */ = {
			isa = XCBuildConfiguration;
			buildSettings = {
				INFOPLIST_FILE = DatePickerToolUITests/Info.plist;
				LD_RUNPATH_SEARCH_PATHS = "$(inherited) @executable_path/Frameworks @loader_path/Frameworks";
				PRODUCT_BUNDLE_IDENTIFIER = cn.speeda.www.DatePickerToolUITests;
				PRODUCT_NAME = "$(TARGET_NAME)";
				TEST_TARGET_NAME = DatePickerTool;
				USES_XCTRUNNER = YES;
			};
			name = Release;
		};
/* End XCBuildConfiguration section */

/* Begin XCConfigurationList section */
		508E1E861CDB254300BE013D /* Build configuration list for PBXProject "DatePickerTool" */ = {
			isa = XCConfigurationList;
			buildConfigurations = (
				508E1EB61CDB254300BE013D /* Debug */,
				508E1EB71CDB254300BE013D /* Release */,
			);
			defaultConfigurationIsVisible = 0;
			defaultConfigurationName = Release;
		};
		508E1EB81CDB254300BE013D /* Build configuration list for PBXNativeTarget "DatePickerTool" */ = {
			isa = XCConfigurationList;
			buildConfigurations = (
				508E1EB91CDB254300BE013D /* Debug */,
				508E1EBA1CDB254300BE013D /* Release */,
			);
			defaultConfigurationIsVisible = 0;
			defaultConfigurationName = Release;
		};
		508E1EBB1CDB254300BE013D /* Build configuration list for PBXNativeTarget "DatePickerToolTests" */ = {
			isa = XCConfigurationList;
			buildConfigurations = (
				508E1EBC1CDB254300BE013D /* Debug */,
				508E1EBD1CDB254300BE013D /* Release */,
			);
			defaultConfigurationIsVisible = 0;
			defaultConfigurationName = Release;
		};
		508E1EBE1CDB254300BE013D /* Build configuration list for PBXNativeTarget "DatePickerToolUITests" */ = {
			isa = XCConfigurationList;
			buildConfigurations = (
				508E1EBF1CDB254300BE013D /* Debug */,
				508E1EC01CDB254300BE013D /* Release */,
			);
			defaultConfigurationIsVisible = 0;
			defaultConfigurationName = Release;
		};
/* End XCConfigurationList section */
	};
	rootObject = 508E1E831CDB254300BE013D /* Project object */;
}
